
Microsoft Visual Studio Solution File, Format Version 12.00
# Visual Studio Version 16
VisualStudioVersion = 16.0.32002.261
MinimumVisualStudioVersion = 10.0.40219.1
Project("{FAE04EC0-301F-11D3-BF4B-00C04F79EFBC}") = "7Laba", "7Laba\7Laba.csproj", "{8390F982-73F1-4A81-809A-83F95EA5881D}"
EndProject
Project("{FAE04EC0-301F-11D3-BF4B-00C04F79EFBC}") = "Задача 7.1", "Задача 7.1\Задача 7.1.csproj", "{4FE65184-6F7E-456E-A52B-84DFD5518A80}"
EndProject
Project("{FAE04EC0-301F-11D3-BF4B-00C04F79EFBC}") = "Задача 7.2", "Задача 7.2\Задача 7.2.csproj", "{F493EE0B-45F6-4660-887C-B7AEDBF171A5}"
EndProject
Global
	GlobalSection(SolutionConfigurationPlatforms) = preSolution
		Debug|Any CPU = Debug|Any CPU
		Release|Any CPU = Release|Any CPU
	EndGlobalSection
	GlobalSection(ProjectConfigurationPlatforms) = postSolution
		{8390F982-73F1-4A81-809A-83F95EA5881D}.Debug|Any CPU.ActiveCfg = Debug|Any CPU
		{8390F982-73F1-4A81-809A-83F95EA5881D}.Debug|Any CPU.Build.0 = Debug|Any CPU
		{8390F982-73F1-4A81-809A-83F95EA5881D}.Release|Any CPU.ActiveCfg = Release|Any CPU
		{8390F982-73F1-4A81-809A-83F95EA5881D}.Release|Any CPU.Build.0 = Release|Any CPU
		{4FE65184-6F7E-456E-A52B-84DFD5518A80}.Debug|Any CPU.ActiveCfg = Debug|Any CPU
		{4FE65184-6F7E-456E-A52B-84DFD5518A80}.Debug|Any CPU.Build.0 = Debug|Any CPU
		{4FE65184-6F7E-456E-A52B-84DFD5518A80}.Release|Any CPU.ActiveCfg = Release|Any CPU
		{4FE65184-6F7E-456E-A52B-84DFD5518A80}.Release|Any CPU.Build.0 = Release|Any CPU
		{F493EE0B-45F6-4660-887C-B7AEDBF171A5}.Debug|Any CPU.ActiveCfg = Debug|Any CPU
		{F493EE0B-45F6-4660-887C-B7AEDBF171A5}.Debug|Any CPU.Build.0 = Debug|Any CPU
		{F493EE0B-45F6-4660-887C-B7AEDBF171A5}.Release|Any CPU.ActiveCfg = Release|Any CPU
		{F493EE0B-45F6-4660-887C-B7AEDBF171A5}.Release|Any CPU.Build.0 = Release|Any CPU
	EndGlobalSection
	GlobalSection(SolutionProperties) = preSolution
		HideSolutionNode = FALSE
	EndGlobalSection
	GlobalSection(ExtensibilityGlobals) = postSolution
		SolutionGuid = {FDF881C9-EBD3-4360-9C21-4019ECCFAAD9}
	EndGlobalSection
EndGlobal
